
Microsoft Visual Studio Solution File, Format Version 12.00
# Visual Studio 15
VisualStudioVersion = 15.0.26124.0
MinimumVisualStudioVersion = 15.0.26124.0
Project("{2150E333-8FDC-42A3-9474-1A3956D46DE8}") = "src", "src", "{2F4FABB1-D955-4D7F-909B-FEF44A01DF6D}"
EndProject
Project("{FAE04EC0-301F-11D3-BF4B-00C04F79EFBC}") = "Lucene.Net.Store.AzureBlob", "src\Lucene.Net.Store.AzureBlob\Lucene.Net.Store.AzureBlob.csproj", "{59AD2DBA-1CDB-4D1B-BEB7-A93856713749}"
EndProject
Project("{FAE04EC0-301F-11D3-BF4B-00C04F79EFBC}") = "Lucene.Net.Store.AzureBlob.Test", "src\Lucene.Net.Store.AzureBlob.Test\Lucene.Net.Store.AzureBlob.Test.csproj", "{B905D7F0-987D-4AE0-901E-C19B877A49ED}"
EndProject
Global
	GlobalSection(SolutionConfigurationPlatforms) = preSolution
		Debug|Any CPU = Debug|Any CPU
		Debug|x64 = Debug|x64
		Debug|x86 = Debug|x86
		Release|Any CPU = Release|Any CPU
		Release|x64 = Release|x64
		Release|x86 = Release|x86
	EndGlobalSection
	GlobalSection(SolutionProperties) = preSolution
		HideSolutionNode = FALSE
	EndGlobalSection
	GlobalSection(ProjectConfigurationPlatforms) = postSolution
		{59AD2DBA-1CDB-4D1B-BEB7-A93856713749}.Debug|Any CPU.ActiveCfg = Debug|Any CPU
		{59AD2DBA-1CDB-4D1B-BEB7-A93856713749}.Debug|Any CPU.Build.0 = Debug|Any CPU
		{59AD2DBA-1CDB-4D1B-BEB7-A93856713749}.Debug|x64.ActiveCfg = Debug|Any CPU
		{59AD2DBA-1CDB-4D1B-BEB7-A93856713749}.Debug|x64.Build.0 = Debug|Any CPU
		{59AD2DBA-1CDB-4D1B-BEB7-A93856713749}.Debug|x86.ActiveCfg = Debug|Any CPU
		{59AD2DBA-1CDB-4D1B-BEB7-A93856713749}.Debug|x86.Build.0 = Debug|Any CPU
		{59AD2DBA-1CDB-4D1B-BEB7-A93856713749}.Release|Any CPU.ActiveCfg = Release|Any CPU
		{59AD2DBA-1CDB-4D1B-BEB7-A93856713749}.Release|Any CPU.Build.0 = Release|Any CPU
		{59AD2DBA-1CDB-4D1B-BEB7-A93856713749}.Release|x64.ActiveCfg = Release|Any CPU
		{59AD2DBA-1CDB-4D1B-BEB7-A93856713749}.Release|x64.Build.0 = Release|Any CPU
		{59AD2DBA-1CDB-4D1B-BEB7-A93856713749}.Release|x86.ActiveCfg = Release|Any CPU
		{59AD2DBA-1CDB-4D1B-BEB7-A93856713749}.Release|x86.Build.0 = Release|Any CPU
		{B905D7F0-987D-4AE0-901E-C19B877A49ED}.Debug|Any CPU.ActiveCfg = Debug|Any CPU
		{B905D7F0-987D-4AE0-901E-C19B877A49ED}.Debug|Any CPU.Build.0 = Debug|Any CPU
		{B905D7F0-987D-4AE0-901E-C19B877A49ED}.Debug|x64.ActiveCfg = Debug|Any CPU
		{B905D7F0-987D-4AE0-901E-C19B877A49ED}.Debug|x64.Build.0 = Debug|Any CPU
		{B905D7F0-987D-4AE0-901E-C19B877A49ED}.Debug|x86.ActiveCfg = Debug|Any CPU
		{B905D7F0-987D-4AE0-901E-C19B877A49ED}.Debug|x86.Build.0 = Debug|Any CPU
		{B905D7F0-987D-4AE0-901E-C19B877A49ED}.Release|Any CPU.ActiveCfg = Release|Any CPU
		{B905D7F0-987D-4AE0-901E-C19B877A49ED}.Release|Any CPU.Build.0 = Release|Any CPU
		{B905D7F0-987D-4AE0-901E-C19B877A49ED}.Release|x64.ActiveCfg = Release|Any CPU
		{B905D7F0-987D-4AE0-901E-C19B877A49ED}.Release|x64.Build.0 = Release|Any CPU
		{B905D7F0-987D-4AE0-901E-C19B877A49ED}.Release|x86.ActiveCfg = Release|Any CPU
		{B905D7F0-987D-4AE0-901E-C19B877A49ED}.Release|x86.Build.0 = Release|Any CPU
	EndGlobalSection
	GlobalSection(NestedProjects) = preSolution
		{59AD2DBA-1CDB-4D1B-BEB7-A93856713749} = {2F4FABB1-D955-4D7F-909B-FEF44A01DF6D}
		{B905D7F0-987D-4AE0-901E-C19B877A49ED} = {2F4FABB1-D955-4D7F-909B-FEF44A01DF6D}
	EndGlobalSection
EndGlobal
